github.com/go-chi/chi v1.5.4 h1:QHdzF2szwjqVV4wmByUnTcsbIg7UGaQ0tPF2t5GcAIs=
github.com/go-chi/chi v1.5.4/go.mod h1:uaf8YgoFazUOkPBG7fxPftUylNumIev9awIWOENIuEg=
github.com/luciddev13/limit_reader v1.0.1 h1:kV1/Pt3RYi9C9Xf7T7ai/SEXZWJslWcSu01haXl7ACY=
github.com/luciddev13/limit_reader v1.0.1/go.mod h1:rpaboeqRDP8t4BsQS2aLhOFw+bwacm3eiIAZwOXLZPk=
